<Solution>
  <Folder Name="/src/">
    <Project Path="src/ProductManagement.API/ProductManagement.API.csproj" />
    <Project Path="src/ProductManagement.Application/ProductManagement.Application.csproj" />
    <Project Path="src/ProductManagement.Domain/ProductManagement.Domain.csproj" />
    <Project Path="src/ProductManagement.Infrastructure/ProductManagement.Infrastructure.csproj" />
  </Folder>
</Solution>
